// !$*UTF8*$!
{
	archiveVersion = 1;
	classes = {
	};
	objectVersion = 52;
	objects = {

/* Begin PBXBuildFile section */
		A94FAF0F24608EF9005F9F4B /* MainSceneContainer.swift in Sources */ = {isa = PBXBuildFile; fileRef = A94FAF0E24608EF9005F9F4B /* MainSceneContainer.swift */; };
		A96EA6AC23F44F7C0024DBAA /* TodoListsRoot.swift in Sources */ = {isa = PBXBuildFile; fileRef = A96EA6AB23F44F7C0024DBAA /* TodoListsRoot.swift */; };
		A96EA6AE23F44FB50024DBAA /* TodosRoot.swift in Sources */ = {isa = PBXBuildFile; fileRef = A96EA6AD23F44FB50024DBAA /* TodosRoot.swift */; };
		A96EA6B023F452250024DBAA /* configureStore.swift in Sources */ = {isa = PBXBuildFile; fileRef = A96EA6AF23F452250024DBAA /* configureStore.swift */; };
		A976F54F23D3D88E00004B33 /* TodosAction.swift in Sources */ = {isa = PBXBuildFile; fileRef = A976F54E23D3D88E00004B33 /* TodosAction.swift */; };
		A9ABCDEE256989FA00D99848 /* StateType.swift in Sources */ = {isa = PBXBuildFile; fileRef = A9ABCDED256989FA00D99848 /* StateType.swift */; };
		A9B1BE2F255CAD9B00BF151F /* SwiftDux in Frameworks */ = {isa = PBXBuildFile; productRef = A9B1BE2E255CAD9B00BF151F /* SwiftDux */; };
		AA2F1A81231782D3003B088A /* CheckedToggleStyle.swift in Sources */ = {isa = PBXBuildFile; fileRef = AA2F1A80231782D3003B088A /* CheckedToggleStyle.swift */; };
		AA427ACA22C02E75005A4368 /* TodosReducer.swift in Sources */ = {isa = PBXBuildFile; fileRef = AA427AC922C02E75005A4368 /* TodosReducer.swift */; };
		AA427B0922C3D097005A4368 /* TodoListsReducer.swift in Sources */ = {isa = PBXBuildFile; fileRef = AA427B0822C3D097005A4368 /* TodoListsReducer.swift */; };
		AA696F8D2321ED7300BFCC0B /* NewTodoRow.swift in Sources */ = {isa = PBXBuildFile; fileRef = AA696F8C2321ED7300BFCC0B /* NewTodoRow.swift */; };
		AA94FB9322F4D188008D0272 /* TodoListRow.swift in Sources */ = {isa = PBXBuildFile; fileRef = AA94FB9222F4D188008D0272 /* TodoListRow.swift */; };
		AA94FB9522F4D7F8008D0272 /* TodoRow.swift in Sources */ = {isa = PBXBuildFile; fileRef = AA94FB9422F4D7F8008D0272 /* TodoRow.swift */; };
		AA94FB9822F4D869008D0272 /* TodoListNameField.swift in Sources */ = {isa = PBXBuildFile; fileRef = AA94FB9722F4D869008D0272 /* TodoListNameField.swift */; };
		AA94FB9C22F4D969008D0272 /* AddButton.swift in Sources */ = {isa = PBXBuildFile; fileRef = AA94FB9B22F4D969008D0272 /* AddButton.swift */; };
		AA9DA94522AD8A2100617E46 /* AppDelegate.swift in Sources */ = {isa = PBXBuildFile; fileRef = AA9DA94422AD8A2100617E46 /* AppDelegate.swift */; };
		AA9DA94722AD8A2100617E46 /* SceneDelegate.swift in Sources */ = {isa = PBXBuildFile; fileRef = AA9DA94622AD8A2100617E46 /* SceneDelegate.swift */; };
		AA9DA94922AD8A2100617E46 /* TodoListContainer.swift in Sources */ = {isa = PBXBuildFile; fileRef = AA9DA94822AD8A2100617E46 /* TodoListContainer.swift */; };
		AA9DA94B22AD8A2200617E46 /* Assets.xcassets in Resources */ = {isa = PBXBuildFile; fileRef = AA9DA94A22AD8A2200617E46 /* Assets.xcassets */; };
		AA9DA94E22AD8A2200617E46 /* Preview Assets.xcassets in Resources */ = {isa = PBXBuildFile; fileRef = AA9DA94D22AD8A2200617E46 /* Preview Assets.xcassets */; };
		AA9DA95122AD8A2200617E46 /* LaunchScreen.storyboard in Resources */ = {isa = PBXBuildFile; fileRef = AA9DA94F22AD8A2200617E46 /* LaunchScreen.storyboard */; };
		AA9DA96322AD8B5900617E46 /* TodoList.swift in Sources */ = {isa = PBXBuildFile; fileRef = AA9DA96222AD8B5900617E46 /* TodoList.swift */; };
		AA9DA96522AD8BA100617E46 /* Todo.swift in Sources */ = {isa = PBXBuildFile; fileRef = AA9DA96422AD8BA100617E46 /* Todo.swift */; };
		AA9DA96922AD8E4C00617E46 /* TodoContainer.swift in Sources */ = {isa = PBXBuildFile; fileRef = AA9DA96822AD8E4C00617E46 /* TodoContainer.swift */; };
		AA9DA96D22AD8FC600617E46 /* TodoListBrowserContainer.swift in Sources */ = {isa = PBXBuildFile; fileRef = AA9DA96C22AD8FC600617E46 /* TodoListBrowserContainer.swift */; };
		AA9DA96F22AD8FED00617E46 /* AppState.swift in Sources */ = {isa = PBXBuildFile; fileRef = AA9DA96E22AD8FED00617E46 /* AppState.swift */; };
		AABF238C22D2B45800F332DC /* TodoListsAction.swift in Sources */ = {isa = PBXBuildFile; fileRef = AABF238B22D2B45800F332DC /* TodoListsAction.swift */; };
		AAEBBAD122AF159B0014D88C /* README.md in Resources */ = {isa = PBXBuildFile; fileRef = AAEBBAD022AF159B0014D88C /* README.md */; };
/* End PBXBuildFile section */

/* Begin PBXCopyFilesBuildPhase section */
		A933448A23D245F70069ADE3 /* CopyFiles */ = {
			isa = PBXCopyFilesBuildPhase;
			buildActionMask = 2147483647;
			dstPath = "";
			dstSubfolderSpec = 10;
			files = (
			);
			runOnlyForDeploymentPostprocessing = 0;
		};
/* End PBXCopyFilesBuildPhase section */

/* Begin PBXFileReference section */
		A904010A23D8BA63004D65F1 /* SwiftDux.framework */ = {isa = PBXFileReference; lastKnownFileType = wrapper.framework; path = SwiftDux.framework; sourceTree = BUILT_PRODUCTS_DIR; };
		A904010C23D8BA63004D65F1 /* SwiftDuxExtras.framework */ = {isa = PBXFileReference; lastKnownFileType = wrapper.framework; path = SwiftDuxExtras.framework; sourceTree = BUILT_PRODUCTS_DIR; };
		A94FAF0E24608EF9005F9F4B /* MainSceneContainer.swift */ = {isa = PBXFileReference; fileEncoding = 4; lastKnownFileType = sourcecode.swift; path = MainSceneContainer.swift; sourceTree = "<group>"; };
		A96EA6AB23F44F7C0024DBAA /* TodoListsRoot.swift */ = {isa = PBXFileReference; lastKnownFileType = sourcecode.swift; path = TodoListsRoot.swift; sourceTree = "<group>"; };
		A96EA6AD23F44FB50024DBAA /* TodosRoot.swift */ = {isa = PBXFileReference; fileEncoding = 4; lastKnownFileType = sourcecode.swift; path = TodosRoot.swift; sourceTree = "<group>"; };
		A96EA6AF23F452250024DBAA /* configureStore.swift */ = {isa = PBXFileReference; lastKnownFileType = sourcecode.swift; path = configureStore.swift; sourceTree = "<group>"; };
		A976F54E23D3D88E00004B33 /* TodosAction.swift */ = {isa = PBXFileReference; fileEncoding = 4; lastKnownFileType = sourcecode.swift; path = TodosAction.swift; sourceTree = "<group>"; };
		A9ABCDED256989FA00D99848 /* StateType.swift */ = {isa = PBXFileReference; lastKnownFileType = sourcecode.swift; path = StateType.swift; sourceTree = "<group>"; };
		AA2F1A80231782D3003B088A /* CheckedToggleStyle.swift */ = {isa = PBXFileReference; fileEncoding = 4; lastKnownFileType = sourcecode.swift; path = CheckedToggleStyle.swift; sourceTree = "<group>"; };
		AA427AC922C02E75005A4368 /* TodosReducer.swift */ = {isa = PBXFileReference; fileEncoding = 4; lastKnownFileType = sourcecode.swift; path = TodosReducer.swift; sourceTree = "<group>"; };
		AA427B0822C3D097005A4368 /* TodoListsReducer.swift */ = {isa = PBXFileReference; fileEncoding = 4; lastKnownFileType = sourcecode.swift; path = TodoListsReducer.swift; sourceTree = "<group>"; };
		AA696F8C2321ED7300BFCC0B /* NewTodoRow.swift */ = {isa = PBXFileReference; fileEncoding = 4; lastKnownFileType = sourcecode.swift; path = NewTodoRow.swift; sourceTree = "<group>"; };
		AA94FB9222F4D188008D0272 /* TodoListRow.swift */ = {isa = PBXFileReference; fileEncoding = 4; lastKnownFileType = sourcecode.swift; path = TodoListRow.swift; sourceTree = "<group>"; };
		AA94FB9422F4D7F8008D0272 /* TodoRow.swift */ = {isa = PBXFileReference; lastKnownFileType = sourcecode.swift; path = TodoRow.swift; sourceTree = "<group>"; };
		AA94FB9722F4D869008D0272 /* TodoListNameField.swift */ = {isa = PBXFileReference; fileEncoding = 4; lastKnownFileType = sourcecode.swift; path = TodoListNameField.swift; sourceTree = "<group>"; };
		AA94FB9B22F4D969008D0272 /* AddButton.swift */ = {isa = PBXFileReference; lastKnownFileType = sourcecode.swift; path = AddButton.swift; sourceTree = "<group>"; };
		AA9DA94122AD8A2100617E46 /* Todo Lists.app */ = {isa = PBXFileReference; explicitFileType = wrapper.application; includeInIndex = 0; path = "Todo Lists.app"; sourceTree = BUILT_PRODUCTS_DIR; };
		AA9DA94422AD8A2100617E46 /* AppDelegate.swift */ = {isa = PBXFileReference; lastKnownFileType = sourcecode.swift; path = AppDelegate.swift; sourceTree = "<group>"; };
		AA9DA94622AD8A2100617E46 /* SceneDelegate.swift */ = {isa = PBXFileReference; lastKnownFileType = sourcecode.swift; path = SceneDelegate.swift; sourceTree = "<group>"; };
		AA9DA94822AD8A2100617E46 /* TodoListContainer.swift */ = {isa = PBXFileReference; lastKnownFileType = sourcecode.swift; path = TodoListContainer.swift; sourceTree = "<group>"; };
		AA9DA94A22AD8A2200617E46 /* Assets.xcassets */ = {isa = PBXFileReference; lastKnownFileType = folder.assetcatalog; path = Assets.xcassets; sourceTree = "<group>"; };
		AA9DA94D22AD8A2200617E46 /* Preview Assets.xcassets */ = {isa = PBXFileReference; lastKnownFileType = folder.assetcatalog; path = "Preview Assets.xcassets"; sourceTree = "<group>"; };
		AA9DA95022AD8A2200617E46 /* Base */ = {isa = PBXFileReference; lastKnownFileType = file.storyboard; name = Base; path = Base.lproj/LaunchScreen.storyboard; sourceTree = "<group>"; };
		AA9DA95222AD8A2200617E46 /* Info.plist */ = {isa = PBXFileReference; lastKnownFileType = text.plist.xml; path = Info.plist; sourceTree = "<group>"; };
		AA9DA96222AD8B5900617E46 /* TodoList.swift */ = {isa = PBXFileReference; lastKnownFileType = sourcecode.swift; path = TodoList.swift; sourceTree = "<group>"; };
		AA9DA96422AD8BA100617E46 /* Todo.swift */ = {isa = PBXFileReference; fileEncoding = 4; lastKnownFileType = sourcecode.swift; path = Todo.swift; sourceTree = "<group>"; };
		AA9DA96822AD8E4C00617E46 /* TodoContainer.swift */ = {isa = PBXFileReference; fileEncoding = 4; lastKnownFileType = sourcecode.swift; path = TodoContainer.swift; sourceTree = "<group>"; };
		AA9DA96C22AD8FC600617E46 /* TodoListBrowserContainer.swift */ = {isa = PBXFileReference; fileEncoding = 4; lastKnownFileType = sourcecode.swift; path = TodoListBrowserContainer.swift; sourceTree = "<group>"; };
		AA9DA96E22AD8FED00617E46 /* AppState.swift */ = {isa = PBXFileReference; fileEncoding = 4; lastKnownFileType = sourcecode.swift; path = AppState.swift; sourceTree = "<group>"; };
		AABF238B22D2B45800F332DC /* TodoListsAction.swift */ = {isa = PBXFileReference; lastKnownFileType = sourcecode.swift; path = TodoListsAction.swift; sourceTree = "<group>"; };
		AAEBBAD022AF159B0014D88C /* README.md */ = {isa = PBXFileReference; lastKnownFileType = net.daringfireball.markdown; path = README.md; sourceTree = "<group>"; };
/* End PBXFileReference section */

/* Begin PBXFrameworksBuildPhase section */
		AA9DA93E22AD8A2100617E46 /* Frameworks */ = {
			isa = PBXFrameworksBuildPhase;
			buildActionMask = 2147483647;
			files = (
				A9B1BE2F255CAD9B00BF151F /* SwiftDux in Frameworks */,
			);
			runOnlyForDeploymentPostprocessing = 0;
		};
/* End PBXFrameworksBuildPhase section */

/* Begin PBXGroup section */
		A96EA6B123F453580024DBAA /* App */ = {
			isa = PBXGroup;
			children = (
				AA9DA96E22AD8FED00617E46 /* AppState.swift */,
			);
			path = App;
			sourceTree = "<group>";
		};
		A976F54723D3D65E00004B33 /* TodoLists */ = {
			isa = PBXGroup;
			children = (
				A96EA6AB23F44F7C0024DBAA /* TodoListsRoot.swift */,
				AA9DA96222AD8B5900617E46 /* TodoList.swift */,
				AABF238B22D2B45800F332DC /* TodoListsAction.swift */,
				AA427B0822C3D097005A4368 /* TodoListsReducer.swift */,
			);
			path = TodoLists;
			sourceTree = "<group>";
		};
		AA2606122318D3E500B46F56 /* Styles */ = {
			isa = PBXGroup;
			children = (
				AA2F1A80231782D3003B088A /* CheckedToggleStyle.swift */,
			);
			path = Styles;
			sourceTree = "<group>";
		};
		AA427B0122C31B35005A4368 /* Todos */ = {
			isa = PBXGroup;
			children = (
				A96EA6AD23F44FB50024DBAA /* TodosRoot.swift */,
				AA9DA96422AD8BA100617E46 /* Todo.swift */,
				AA427AC922C02E75005A4368 /* TodosReducer.swift */,
				A976F54E23D3D88E00004B33 /* TodosAction.swift */,
			);
			path = Todos;
			sourceTree = "<group>";
		};
		AA94FB9122F4D0E8008D0272 /* Views */ = {
			isa = PBXGroup;
			children = (
				AA94FB9B22F4D969008D0272 /* AddButton.swift */,
				AA94FB9222F4D188008D0272 /* TodoListRow.swift */,
				AA94FB9722F4D869008D0272 /* TodoListNameField.swift */,
				AA696F8C2321ED7300BFCC0B /* NewTodoRow.swift */,
				AA94FB9422F4D7F8008D0272 /* TodoRow.swift */,
			);
			path = Views;
			sourceTree = "<group>";
		};
		AA9DA93822AD8A2100617E46 = {
			isa = PBXGroup;
			children = (
				AAEBBAD022AF159B0014D88C /* README.md */,
				AA9DA94322AD8A2100617E46 /* Todo */,
				AA9DA94222AD8A2100617E46 /* Products */,
				AA9DA95D22AD8ACF00617E46 /* Frameworks */,
			);
			sourceTree = "<group>";
		};
		AA9DA94222AD8A2100617E46 /* Products */ = {
			isa = PBXGroup;
			children = (
				AA9DA94122AD8A2100617E46 /* Todo Lists.app */,
			);
			name = Products;
			sourceTree = "<group>";
		};
		AA9DA94322AD8A2100617E46 /* Todo */ = {
			isa = PBXGroup;
			children = (
				AA2606122318D3E500B46F56 /* Styles */,
				AA94FB9122F4D0E8008D0272 /* Views */,
				AA9DA97622ADA74C00617E46 /* Containers */,
				AA9DA96022AD8B2A00617E46 /* Ducks */,
				AA9DA94422AD8A2100617E46 /* AppDelegate.swift */,
				AA9DA94622AD8A2100617E46 /* SceneDelegate.swift */,
				AA9DA94A22AD8A2200617E46 /* Assets.xcassets */,
				AA9DA94F22AD8A2200617E46 /* LaunchScreen.storyboard */,
				AA9DA95222AD8A2200617E46 /* Info.plist */,
				AA9DA94C22AD8A2200617E46 /* Preview Content */,
			);
			path = Todo;
			sourceTree = "<group>";
		};
		AA9DA94C22AD8A2200617E46 /* Preview Content */ = {
			isa = PBXGroup;
			children = (
				AA9DA94D22AD8A2200617E46 /* Preview Assets.xcassets */,
			);
			path = "Preview Content";
			sourceTree = "<group>";
		};
		AA9DA95D22AD8ACF00617E46 /* Frameworks */ = {
			isa = PBXGroup;
			children = (
				A904010A23D8BA63004D65F1 /* SwiftDux.framework */,
				A904010C23D8BA63004D65F1 /* SwiftDuxExtras.framework */,
			);
			name = Frameworks;
			sourceTree = "<group>";
		};
		AA9DA96022AD8B2A00617E46 /* Ducks */ = {
			isa = PBXGroup;
			children = (
				A96EA6B123F453580024DBAA /* App */,
				A976F54723D3D65E00004B33 /* TodoLists */,
				AA427B0122C31B35005A4368 /* Todos */,
				A96EA6AF23F452250024DBAA /* configureStore.swift */,
				A9ABCDED256989FA00D99848 /* StateType.swift */,
			);
			path = Ducks;
			sourceTree = "<group>";
		};
		AA9DA97622ADA74C00617E46 /* Containers */ = {
			isa = PBXGroup;
			children = (
				A94FAF0E24608EF9005F9F4B /* MainSceneContainer.swift */,
				AA9DA96C22AD8FC600617E46 /* TodoListBrowserContainer.swift */,
				AA9DA94822AD8A2100617E46 /* TodoListContainer.swift */,
				AA9DA96822AD8E4C00617E46 /* TodoContainer.swift */,
			);
			path = Containers;
			sourceTree = "<group>";
		};
/* End PBXGroup section */

/* Begin PBXNativeTarget section */
		AA9DA94022AD8A2100617E46 /* Todo Lists */ = {
			isa = PBXNativeTarget;
			buildConfigurationList = AA9DA95522AD8A2200617E46 /* Build configuration list for PBXNativeTarget "Todo Lists" */;
			buildPhases = (
				AA9DA93D22AD8A2100617E46 /* Sources */,
				AA9DA93E22AD8A2100617E46 /* Frameworks */,
				AA9DA93F22AD8A2100617E46 /* Resources */,
				A933448A23D245F70069ADE3 /* CopyFiles */,
			);
			buildRules = (
			);
			dependencies = (
			);
			name = "Todo Lists";
			packageProductDependencies = (
				A9B1BE2E255CAD9B00BF151F /* SwiftDux */,
			);
			productName = Todo;
			productReference = AA9DA94122AD8A2100617E46 /* Todo Lists.app */;
			productType = "com.apple.product-type.application";
		};
/* End PBXNativeTarget section */

/* Begin PBXProject section */
		AA9DA93922AD8A2100617E46 /* Project object */ = {
			isa = PBXProject;
			attributes = {
				LastSwiftUpdateCheck = 1100;
				LastUpgradeCheck = 1220;
				ORGANIZATIONNAME = "Steven Lambion";
				TargetAttributes = {
					AA9DA94022AD8A2100617E46 = {
						CreatedOnToolsVersion = 11.0;
					};
				};
			};
			buildConfigurationList = AA9DA93C22AD8A2100617E46 /* Build configuration list for PBXProject "Todo Lists" */;
			compatibilityVersion = "Xcode 9.3";
			developmentRegion = en;
			hasScannedForEncodings = 0;
			knownRegions = (
				en,
				Base,
			);
			mainGroup = AA9DA93822AD8A2100617E46;
			packageReferences = (
				A904010523D890FD004D65F1 /* XCRemoteSwiftPackageReference "SwiftDux" */,
			);
			productRefGroup = AA9DA94222AD8A2100617E46 /* Products */;
			projectDirPath = "";
			projectRoot = "";
			targets = (
				AA9DA94022AD8A2100617E46 /* Todo Lists */,
			);
		};
/* End PBXProject section */

/* Begin PBXResourcesBuildPhase section */
		AA9DA93F22AD8A2100617E46 /* Resources */ = {
			isa = PBXResourcesBuildPhase;
			buildActionMask = 2147483647;
			files = (
				AA9DA95122AD8A2200617E46 /* LaunchScreen.storyboard in Resources */,
				AA9DA94E22AD8A2200617E46 /* Preview Assets.xcassets in Resources */,
				AAEBBAD122AF159B0014D88C /* README.md in Resources */,
				AA9DA94B22AD8A2200617E46 /* Assets.xcassets in Resources */,
			);
			runOnlyForDeploymentPostprocessing = 0;
		};
/* End PBXResourcesBuildPhase section */

/* Begin PBXSourcesBuildPhase section */
		AA9DA93D22AD8A2100617E46 /* Sources */ = {
			isa = PBXSourcesBuildPhase;
			buildActionMask = 2147483647;
			files = (
				AA9DA96D22AD8FC600617E46 /* TodoListBrowserContainer.swift in Sources */,
				AA94FB9322F4D188008D0272 /* TodoListRow.swift in Sources */,
				AA9DA94522AD8A2100617E46 /* AppDelegate.swift in Sources */,
				A94FAF0F24608EF9005F9F4B /* MainSceneContainer.swift in Sources */,
				AA696F8D2321ED7300BFCC0B /* NewTodoRow.swift in Sources */,
				AA9DA96522AD8BA100617E46 /* Todo.swift in Sources */,
				AA427B0922C3D097005A4368 /* TodoListsReducer.swift in Sources */,
				A976F54F23D3D88E00004B33 /* TodosAction.swift in Sources */,
				AABF238C22D2B45800F332DC /* TodoListsAction.swift in Sources */,
				AA9DA96922AD8E4C00617E46 /* TodoContainer.swift in Sources */,
				AA2F1A81231782D3003B088A /* CheckedToggleStyle.swift in Sources */,
				AA9DA94722AD8A2100617E46 /* SceneDelegate.swift in Sources */,
				AA94FB9822F4D869008D0272 /* TodoListNameField.swift in Sources */,
				A96EA6B023F452250024DBAA /* configureStore.swift in Sources */,
				A96EA6AE23F44FB50024DBAA /* TodosRoot.swift in Sources */,
				AA94FB9522F4D7F8008D0272 /* TodoRow.swift in Sources */,
				AA9DA96F22AD8FED00617E46 /* AppState.swift in Sources */,
				AA427ACA22C02E75005A4368 /* TodosReducer.swift in Sources */,
				A96EA6AC23F44F7C0024DBAA /* TodoListsRoot.swift in Sources */,
				AA94FB9C22F4D969008D0272 /* AddButton.swift in Sources */,
				AA9DA94922AD8A2100617E46 /* TodoListContainer.swift in Sources */,
				AA9DA96322AD8B5900617E46 /* TodoList.swift in Sources */,
				A9ABCDEE256989FA00D99848 /* StateType.swift in Sources */,
			);
			runOnlyForDeploymentPostprocessing = 0;
		};
/* End PBXSourcesBuildPhase section */

/* Begin PBXVariantGroup section */
		AA9DA94F22AD8A2200617E46 /* LaunchScreen.storyboard */ = {
			isa = PBXVariantGroup;
			children = (
				AA9DA95022AD8A2200617E46 /* Base */,
			);
			name = LaunchScreen.storyboard;
			sourceTree = "<group>";
		};
/* End PBXVariantGroup section */

/* Begin XCBuildConfiguration section */
		AA9DA95322AD8A2200617E46 /* Debug */ = {
			isa = XCBuildConfiguration;
			buildSettings = {
				ALWAYS_SEARCH_USER_PATHS = NO;
				CLANG_ANALYZER_NONNULL = YES;
				CLANG_ANALYZER_NUMBER_OBJECT_CONVERSION = YES_AGGRESSIVE;
				CLANG_CXX_LANGUAGE_STANDARD = "gnu++14";
				CLANG_CXX_LIBRARY = "libc++";
				CLANG_ENABLE_MODULES = YES;
				CLANG_ENABLE_OBJC_ARC = YES;
				CLANG_ENABLE_OBJC_WEAK = YES;
				CLANG_WARN_BLOCK_CAPTURE_AUTORELEASING = YES;
				CLANG_WARN_BOOL_CONVERSION = YES;
				CLANG_WARN_COMMA = YES;
				CLANG_WARN_CONSTANT_CONVERSION = YES;
				CLANG_WARN_DEPRECATED_OBJC_IMPLEMENTATIONS = YES;
				CLANG_WARN_DIRECT_OBJC_ISA_USAGE = YES_ERROR;
				CLANG_WARN_DOCUMENTATION_COMMENTS = YES;
				CLANG_WARN_EMPTY_BODY = YES;
				CLANG_WARN_ENUM_CONVERSION = YES;
				CLANG_WARN_INFINITE_RECURSION = YES;
				CLANG_WARN_INT_CONVERSION = YES;
				CLANG_WARN_NON_LITERAL_NULL_CONVERSION = YES;
				CLANG_WARN_OBJC_IMPLICIT_RETAIN_SELF = YES;
				CLANG_WARN_OBJC_LITERAL_CONVERSION = YES;
				CLANG_WARN_OBJC_ROOT_CLASS = YES_ERROR;
				CLANG_WARN_QUOTED_INCLUDE_IN_FRAMEWORK_HEADER = YES;
				CLANG_WARN_RANGE_LOOP_ANALYSIS = YES;
				CLANG_WARN_STRICT_PROTOTYPES = YES;
				CLANG_WARN_SUSPICIOUS_MOVE = YES;
				CLANG_WARN_UNGUARDED_AVAILABILITY = YES_AGGRESSIVE;
				CLANG_WARN_UNREACHABLE_CODE = YES;
				CLANG_WARN__DUPLICATE_METHOD_MATCH = YES;
				COPY_PHASE_STRIP = NO;
				DEBUG_INFORMATION_FORMAT = dwarf;
				ENABLE_STRICT_OBJC_MSGSEND = YES;
				ENABLE_TESTABILITY = YES;
				GCC_C_LANGUAGE_STANDARD = gnu11;
				GCC_DYNAMIC_NO_PIC = NO;
				GCC_NO_COMMON_BLOCKS = YES;
				GCC_OPTIMIZATION_LEVEL = 0;
				GCC_PREPROCESSOR_DEFINITIONS = (
					"DEBUG=1",
					"$(inherited)",
				);
				GCC_WARN_64_TO_32_BIT_CONVERSION = YES;
				GCC_WARN_ABOUT_RETURN_TYPE = YES_ERROR;
				GCC_WARN_UNDECLARED_SELECTOR = YES;
				GCC_WARN_UNINITIALIZED_AUTOS = YES_AGGRESSIVE;
				GCC_WARN_UNUSED_FUNCTION = YES;
				GCC_WARN_UNUSED_VARIABLE = YES;
				IPHONEOS_DEPLOYMENT_TARGET = 14.2;
				MTL_ENABLE_DEBUG_INFO = INCLUDE_SOURCE;
				MTL_FAST_MATH = YES;
				ONLY_ACTIVE_ARCH = YES;
				SDKROOT = iphoneos;
				SWIFT_ACTIVE_COMPILATION_CONDITIONS = DEBUG;
				SWIFT_OPTIMIZATION_LEVEL = "-Onone";
			};
			name = Debug;
		};
		AA9DA95422AD8A2200617E46 /* Release */ = {
			isa = XCBuildConfiguration;
			buildSettings = {
				ALWAYS_SEARCH_USER_PATHS = NO;
				CLANG_ANALYZER_NONNULL = YES;
				CLANG_ANALYZER_NUMBER_OBJECT_CONVERSION = YES_AGGRESSIVE;
				CLANG_CXX_LANGUAGE_STANDARD = "gnu++14";
				CLANG_CXX_LIBRARY = "libc++";
				CLANG_ENABLE_MODULES = YES;
				CLANG_ENABLE_OBJC_ARC = YES;
				CLANG_ENABLE_OBJC_WEAK = YES;
				CLANG_WARN_BLOCK_CAPTURE_AUTORELEASING = YES;
				CLANG_WARN_BOOL_CONVERSION = YES;
				CLANG_WARN_COMMA = YES;
				CLANG_WARN_CONSTANT_CONVERSION = YES;
				CLANG_WARN_DEPRECATED_OBJC_IMPLEMENTATIONS = YES;
				CLANG_WARN_DIRECT_OBJC_ISA_USAGE = YES_ERROR;
				CLANG_WARN_DOCUMENTATION_COMMENTS = YES;
				CLANG_WARN_EMPTY_BODY = YES;
				CLANG_WARN_ENUM_CONVERSION = YES;
				CLANG_WARN_INFINITE_RECURSION = YES;
				CLANG_WARN_INT_CONVERSION = YES;
				CLANG_WARN_NON_LITERAL_NULL_CONVERSION = YES;
				CLANG_WARN_OBJC_IMPLICIT_RETAIN_SELF = YES;
				CLANG_WARN_OBJC_LITERAL_CONVERSION = YES;
				CLANG_WARN_OBJC_ROOT_CLASS = YES_ERROR;
				CLANG_WARN_QUOTED_INCLUDE_IN_FRAMEWORK_HEADER = YES;
				CLANG_WARN_RANGE_LOOP_ANALYSIS = YES;
				CLANG_WARN_STRICT_PROTOTYPES = YES;
				CLANG_WARN_SUSPICIOUS_MOVE = YES;
				CLANG_WARN_UNGUARDED_AVAILABILITY = YES_AGGRESSIVE;
				CLANG_WARN_UNREACHABLE_CODE = YES;
				CLANG_WARN__DUPLICATE_METHOD_MATCH = YES;
				COPY_PHASE_STRIP = NO;
				DEBUG_INFORMATION_FORMAT = "dwarf-with-dsym";
				ENABLE_NS_ASSERTIONS = NO;
				ENABLE_STRICT_OBJC_MSGSEND = YES;
				GCC_C_LANGUAGE_STANDARD = gnu11;
				GCC_NO_COMMON_BLOCKS = YES;
				GCC_WARN_64_TO_32_BIT_CONVERSION = YES;
				GCC_WARN_ABOUT_RETURN_TYPE = YES_ERROR;
				GCC_WARN_UNDECLARED_SELECTOR = YES;
				GCC_WARN_UNINITIALIZED_AUTOS = YES_AGGRESSIVE;
				GCC_WARN_UNUSED_FUNCTION = YES;
				GCC_WARN_UNUSED_VARIABLE = YES;
				IPHONEOS_DEPLOYMENT_TARGET = 14.2;
				MTL_ENABLE_DEBUG_INFO = NO;
				MTL_FAST_MATH = YES;
				SDKROOT = iphoneos;
				SWIFT_COMPILATION_MODE = wholemodule;
				SWIFT_OPTIMIZATION_LEVEL = "-O";
				VALIDATE_PRODUCT = YES;
			};
			name = Release;
		};
		AA9DA95622AD8A2200617E46 /* Debug */ = {
			isa = XCBuildConfiguration;
			buildSettings = {
				ASSETCATALOG_COMPILER_APPICON_NAME = AppIcon;
				CODE_SIGN_STYLE = Automatic;
				DEVELOPMENT_ASSET_PATHS = "Todo/Preview\\ Content";
				DEVELOPMENT_TEAM = 6XNMN5KQR2;
				ENABLE_PREVIEWS = YES;
				INFOPLIST_FILE = Todo/Info.plist;
				LD_RUNPATH_SEARCH_PATHS = (
					"$(inherited)",
					"@executable_path/Frameworks",
				);
				PRODUCT_BUNDLE_IDENTIFIER = steven.lambion.Todo;
				PRODUCT_NAME = "$(TARGET_NAME)";
				SWIFT_VERSION = 5.0;
				TARGETED_DEVICE_FAMILY = "1,2";
			};
			name = Debug;
		};
		AA9DA95722AD8A2200617E46 /* Release */ = {
			isa = XCBuildConfiguration;
			buildSettings = {
				ASSETCATALOG_COMPILER_APPICON_NAME = AppIcon;
				CODE_SIGN_STYLE = Automatic;
				DEVELOPMENT_ASSET_PATHS = "Todo/Preview\\ Content";
				DEVELOPMENT_TEAM = 6XNMN5KQR2;
				ENABLE_PREVIEWS = YES;
				INFOPLIST_FILE = Todo/Info.plist;
				LD_RUNPATH_SEARCH_PATHS = (
					"$(inherited)",
					"@executable_path/Frameworks",
				);
				PRODUCT_BUNDLE_IDENTIFIER = steven.lambion.Todo;
				PRODUCT_NAME = "$(TARGET_NAME)";
				SWIFT_VERSION = 5.0;
				TARGETED_DEVICE_FAMILY = "1,2";
			};
			name = Release;
		};
/* End XCBuildConfiguration section */

/* Begin XCConfigurationList section */
		AA9DA93C22AD8A2100617E46 /* Build configuration list for PBXProject "Todo Lists" */ = {
			isa = XCConfigurationList;
			buildConfigurations = (
				AA9DA95322AD8A2200617E46 /* Debug */,
				AA9DA95422AD8A2200617E46 /* Release */,
			);
			defaultConfigurationIsVisible = 0;
			defaultConfigurationName = Release;
		};
		AA9DA95522AD8A2200617E46 /* Build configuration list for PBXNativeTarget "Todo Lists" */ = {
			isa = XCConfigurationList;
			buildConfigurations = (
				AA9DA95622AD8A2200617E46 /* Debug */,
				AA9DA95722AD8A2200617E46 /* Release */,
			);
			defaultConfigurationIsVisible = 0;
			defaultConfigurationName = Release;
		};
/* End XCConfigurationList section */

/* Begin XCRemoteSwiftPackageReference section */
		A904010523D890FD004D65F1 /* XCRemoteSwiftPackageReference "SwiftDux" */ = {
			isa = XCRemoteSwiftPackageReference;
			repositoryURL = "https://github.com/StevenLambion/SwiftDux.git";
			requirement = {
				kind = upToNextMajorVersion;
				minimumVersion = 2.0.0;
			};
		};
/* End XCRemoteSwiftPackageReference section */

/* Begin XCSwiftPackageProductDependency section */
		A9B1BE2E255CAD9B00BF151F /* SwiftDux */ = {
			isa = XCSwiftPackageProductDependency;
			package = A904010523D890FD004D65F1 /* XCRemoteSwiftPackageReference "SwiftDux" */;
			productName = SwiftDux;
		};
/* End XCSwiftPackageProductDependency section */
	};
	rootObject = AA9DA93922AD8A2100617E46 /* Project object */;
}
